{
  "name": "amy-scripts",
  "version": "1.0.0",
  "lockfileVersion": 3,
  "requires": true,
  "packages": {
    "": {
      "name": "amy-scripts",
      "version": "1.0.0",
      "license": "ISC",
      "dependencies": {
        "@directus/sdk": "^20.2.0",
        "dotenv": "^17.2.3"
      }
    },
    "node_modules/@directus/sdk": {
      "version": "20.2.0",
      "resolved": "https://registry.npmjs.org/@directus/sdk/-/sdk-20.2.0.tgz",
      "integrity": "sha512-MzS6mjpM/XKr8jGM4DMSNCwLfgN2RNXnStP/fX23a8Nbpkgl6HyiwVPqHZh8DjTdmRMwif2/zJ0sqbfJJeel8g==",
      "license": "MIT",
      "engines": {
        "node": ">=22"
      },
      "funding": {
        "url": "https://github.com/directus/directus?sponsor=1"
      }
    },
    "node_modules/dotenv": {
      "version": "17.2.3",
      "resolved": "https://registry.npmjs.org/dotenv/-/dotenv-17.2.3.tgz",
      "integrity": "sha512-JVUnt+DUIzu87TABbhPmNfVdBDt18BLOWjMUFJMSi/Qqg7NTYtabbvSNJGOJ7afbRuv9D/lngizHtP7QyLQ+9w==",
      "license": "BSD-2-Clause",
      "engines": {
        "node": ">=12"
      },
      "funding": {
        "url": "https://dotenvx.com"
      }
    }
  }
}
